
Microsoft Visual Studio Solution File, Format Version 12.00
# Visual Studio 15
VisualStudioVersion = 15.0.28307.1684
MinimumVisualStudioVersion = 10.0.40219.1
Project("{8BC9CEB8-8B4A-11D0-8D11-00A0C91BC942}") = "高并发内存池项目5.0之释放内存流程及调通", "高并发内存池项目5.0之释放内存流程及调通\高并发内存池项目5.0之释放内存流程及调通.vcxproj", "{1ECB8716-07FF-4E5C-82B7-5ECDEA2EC210}"
EndProject
Global
	GlobalSection(SolutionConfigurationPlatforms) = preSolution
		Debug|x64 = Debug|x64
		Debug|x86 = Debug|x86
		Release|x64 = Release|x64
		Release|x86 = Release|x86
	EndGlobalSection
	GlobalSection(ProjectConfigurationPlatforms) = postSolution
		{1ECB8716-07FF-4E5C-82B7-5ECDEA2EC210}.Debug|x64.ActiveCfg = Debug|x64
		{1ECB8716-07FF-4E5C-82B7-5ECDEA2EC210}.Debug|x64.Build.0 = Debug|x64
		{1ECB8716-07FF-4E5C-82B7-5ECDEA2EC210}.Debug|x86.ActiveCfg = Debug|Win32
		{1ECB8716-07FF-4E5C-82B7-5ECDEA2EC210}.Debug|x86.Build.0 = Debug|Win32
		{1ECB8716-07FF-4E5C-82B7-5ECDEA2EC210}.Release|x64.ActiveCfg = Release|x64
		{1ECB8716-07FF-4E5C-82B7-5ECDEA2EC210}.Release|x64.Build.0 = Release|x64
		{1ECB8716-07FF-4E5C-82B7-5ECDEA2EC210}.Release|x86.ActiveCfg = Release|Win32
		{1ECB8716-07FF-4E5C-82B7-5ECDEA2EC210}.Release|x86.Build.0 = Release|Win32
	EndGlobalSection
	GlobalSection(SolutionProperties) = preSolution
		HideSolutionNode = FALSE
	EndGlobalSection
	GlobalSection(ExtensibilityGlobals) = postSolution
		SolutionGuid = {DAA4B474-DCE2-4098-B49F-CC693A2164DC}
	EndGlobalSection
EndGlobal
